// !$*UTF8*$!
{
	archiveVersion = 1;
	classes = {
	};
	objectVersion = 56;
	objects = {

/* Begin PBXBuildFile section */
		36019ED029884075005B8DFF /* AppDelegate.swift in Sources */ = {isa = PBXBuildFile; fileRef = 36019ECF29884075005B8DFF /* AppDelegate.swift */; };
		36019ED929884076005B8DFF /* Assets.xcassets in Resources */ = {isa = PBXBuildFile; fileRef = 36019ED829884076005B8DFF /* Assets.xcassets */; };
		36019EDC29884076005B8DFF /* LaunchScreen.storyboard in Resources */ = {isa = PBXBuildFile; fileRef = 36019EDA29884076005B8DFF /* LaunchScreen.storyboard */; };
		36019EED29884294005B8DFF /* AppIcon.xcassets in Resources */ = {isa = PBXBuildFile; fileRef = 36019EEC29884294005B8DFF /* AppIcon.xcassets */; };
		36019EF1298844C3005B8DFF /* MainCoordinator.swift in Sources */ = {isa = PBXBuildFile; fileRef = 36019EF0298844C3005B8DFF /* MainCoordinator.swift */; };
		36019EF529884676005B8DFF /* TmdbAPI.swift in Sources */ = {isa = PBXBuildFile; fileRef = 36019EF429884676005B8DFF /* TmdbAPI.swift */; };
		36019EF72988467E005B8DFF /* TmdbRequest.swift in Sources */ = {isa = PBXBuildFile; fileRef = 36019EF62988467E005B8DFF /* TmdbRequest.swift */; };
		36019EFA29884693005B8DFF /* FAFoundation in Frameworks */ = {isa = PBXBuildFile; productRef = 36019EF929884693005B8DFF /* FAFoundation */; };
		36019EFC298846D4005B8DFF /* GetPopularTvShowsRequest.swift in Sources */ = {isa = PBXBuildFile; fileRef = 36019EFB298846D4005B8DFF /* GetPopularTvShowsRequest.swift */; };
		36019EFE298846FB005B8DFF /* GetTvShowsDetailsRequest.swift in Sources */ = {isa = PBXBuildFile; fileRef = 36019EFD298846FB005B8DFF /* GetTvShowsDetailsRequest.swift */; };
		36019F0029884756005B8DFF /* GetTvShowDetailsResponse.swift in Sources */ = {isa = PBXBuildFile; fileRef = 36019EFF29884756005B8DFF /* GetTvShowDetailsResponse.swift */; };
		36019F022988477E005B8DFF /* GetPopularTvShowsResponse.swift in Sources */ = {isa = PBXBuildFile; fileRef = 36019F012988477E005B8DFF /* GetPopularTvShowsResponse.swift */; };
		36019F05298847BA005B8DFF /* Constants.swift in Sources */ = {isa = PBXBuildFile; fileRef = 36019F04298847BA005B8DFF /* Constants.swift */; };
		36019F07298847C8005B8DFF /* Constants+API.swift in Sources */ = {isa = PBXBuildFile; fileRef = 36019F06298847C8005B8DFF /* Constants+API.swift */; };
		36019F0A29884824005B8DFF /* PopularTvShowResult.swift in Sources */ = {isa = PBXBuildFile; fileRef = 36019F0929884824005B8DFF /* PopularTvShowResult.swift */; };
		36019F0C2988495A005B8DFF /* LoadingManager.swift in Sources */ = {isa = PBXBuildFile; fileRef = 36019F0B2988495A005B8DFF /* LoadingManager.swift */; };
		36019F10298849A8005B8DFF /* UIKit+Extensions.swift in Sources */ = {isa = PBXBuildFile; fileRef = 36019F0F298849A8005B8DFF /* UIKit+Extensions.swift */; };
		36019F13298849CB005B8DFF /* LoadingShowable.swift in Sources */ = {isa = PBXBuildFile; fileRef = 36019F12298849CB005B8DFF /* LoadingShowable.swift */; };
		36019F1529884A84005B8DFF /* AlertManager.swift in Sources */ = {isa = PBXBuildFile; fileRef = 36019F1429884A84005B8DFF /* AlertManager.swift */; };
		36019F1929884AFE005B8DFF /* CustomAlertController.swift in Sources */ = {isa = PBXBuildFile; fileRef = 36019F1829884AFE005B8DFF /* CustomAlertController.swift */; };
/* End PBXBuildFile section */

/* Begin PBXFileReference section */
		36019ECC29884075005B8DFF /* Teknasyon.app */ = {isa = PBXFileReference; explicitFileType = wrapper.application; includeInIndex = 0; path = Teknasyon.app; sourceTree = BUILT_PRODUCTS_DIR; };
		36019ECF29884075005B8DFF /* AppDelegate.swift */ = {isa = PBXFileReference; lastKnownFileType = sourcecode.swift; path = AppDelegate.swift; sourceTree = "<group>"; };
		36019ED829884076005B8DFF /* Assets.xcassets */ = {isa = PBXFileReference; lastKnownFileType = folder.assetcatalog; path = Assets.xcassets; sourceTree = "<group>"; };
		36019EDB29884076005B8DFF /* Base */ = {isa = PBXFileReference; lastKnownFileType = file.storyboard; name = Base; path = Base.lproj/LaunchScreen.storyboard; sourceTree = "<group>"; };
		36019EDD29884076005B8DFF /* Info.plist */ = {isa = PBXFileReference; lastKnownFileType = text.plist.xml; path = Info.plist; sourceTree = "<group>"; };
		36019EEC29884294005B8DFF /* AppIcon.xcassets */ = {isa = PBXFileReference; lastKnownFileType = folder.assetcatalog; path = AppIcon.xcassets; sourceTree = "<group>"; };
		36019EF0298844C3005B8DFF /* MainCoordinator.swift */ = {isa = PBXFileReference; lastKnownFileType = sourcecode.swift; path = MainCoordinator.swift; sourceTree = "<group>"; };
		36019EF429884676005B8DFF /* TmdbAPI.swift */ = {isa = PBXFileReference; lastKnownFileType = sourcecode.swift; path = TmdbAPI.swift; sourceTree = "<group>"; };
		36019EF62988467E005B8DFF /* TmdbRequest.swift */ = {isa = PBXFileReference; lastKnownFileType = sourcecode.swift; path = TmdbRequest.swift; sourceTree = "<group>"; };
		36019EFB298846D4005B8DFF /* GetPopularTvShowsRequest.swift */ = {isa = PBXFileReference; lastKnownFileType = sourcecode.swift; path = GetPopularTvShowsRequest.swift; sourceTree = "<group>"; };
		36019EFD298846FB005B8DFF /* GetTvShowsDetailsRequest.swift */ = {isa = PBXFileReference; lastKnownFileType = sourcecode.swift; path = GetTvShowsDetailsRequest.swift; sourceTree = "<group>"; };
		36019EFF29884756005B8DFF /* GetTvShowDetailsResponse.swift */ = {isa = PBXFileReference; lastKnownFileType = sourcecode.swift; path = GetTvShowDetailsResponse.swift; sourceTree = "<group>"; };
		36019F012988477E005B8DFF /* GetPopularTvShowsResponse.swift */ = {isa = PBXFileReference; lastKnownFileType = sourcecode.swift; path = GetPopularTvShowsResponse.swift; sourceTree = "<group>"; };
		36019F04298847BA005B8DFF /* Constants.swift */ = {isa = PBXFileReference; lastKnownFileType = sourcecode.swift; path = Constants.swift; sourceTree = "<group>"; };
		36019F06298847C8005B8DFF /* Constants+API.swift */ = {isa = PBXFileReference; lastKnownFileType = sourcecode.swift; path = "Constants+API.swift"; sourceTree = "<group>"; };
		36019F0929884824005B8DFF /* PopularTvShowResult.swift */ = {isa = PBXFileReference; lastKnownFileType = sourcecode.swift; path = PopularTvShowResult.swift; sourceTree = "<group>"; };
		36019F0B2988495A005B8DFF /* LoadingManager.swift */ = {isa = PBXFileReference; lastKnownFileType = sourcecode.swift; path = LoadingManager.swift; sourceTree = "<group>"; };
		36019F0F298849A8005B8DFF /* UIKit+Extensions.swift */ = {isa = PBXFileReference; lastKnownFileType = sourcecode.swift; path = "UIKit+Extensions.swift"; sourceTree = "<group>"; };
		36019F12298849CB005B8DFF /* LoadingShowable.swift */ = {isa = PBXFileReference; lastKnownFileType = sourcecode.swift; path = LoadingShowable.swift; sourceTree = "<group>"; };
		36019F1429884A84005B8DFF /* AlertManager.swift */ = {isa = PBXFileReference; lastKnownFileType = sourcecode.swift; path = AlertManager.swift; sourceTree = "<group>"; };
		36019F1829884AFE005B8DFF /* CustomAlertController.swift */ = {isa = PBXFileReference; lastKnownFileType = sourcecode.swift; path = CustomAlertController.swift; sourceTree = "<group>"; };
/* End PBXFileReference section */

/* Begin PBXFrameworksBuildPhase section */
		36019EC929884075005B8DFF /* Frameworks */ = {
			isa = PBXFrameworksBuildPhase;
			buildActionMask = 2147483647;
			files = (
				36019EFA29884693005B8DFF /* FAFoundation in Frameworks */,
			);
			runOnlyForDeploymentPostprocessing = 0;
		};
/* End PBXFrameworksBuildPhase section */

/* Begin PBXGroup section */
		36019EC329884075005B8DFF = {
			isa = PBXGroup;
			children = (
				36019ECE29884075005B8DFF /* Teknasyon */,
				36019ECD29884075005B8DFF /* Products */,
			);
			sourceTree = "<group>";
		};
		36019ECD29884075005B8DFF /* Products */ = {
			isa = PBXGroup;
			children = (
				36019ECC29884075005B8DFF /* Teknasyon.app */,
			);
			name = Products;
			sourceTree = "<group>";
		};
		36019ECE29884075005B8DFF /* Teknasyon */ = {
			isa = PBXGroup;
			children = (
				36019EE32988422C005B8DFF /* App */,
				36019EE429884232005B8DFF /* Managers */,
				36019F0829884819005B8DFF /* Models */,
				36019EE529884237005B8DFF /* Networking */,
				36019EE729884250005B8DFF /* Resources */,
				36019EE82988425C005B8DFF /* Scenes */,
				36019EE929884262005B8DFF /* Supports */,
				36019EEA2988426C005B8DFF /* Utilities */,
				36019EEB29884278005B8DFF /* Views */,
			);
			path = Teknasyon;
			sourceTree = "<group>";
		};
		36019EE32988422C005B8DFF /* App */ = {
			isa = PBXGroup;
			children = (
				36019ECF29884075005B8DFF /* AppDelegate.swift */,
				36019EDD29884076005B8DFF /* Info.plist */,
				36019EDA29884076005B8DFF /* LaunchScreen.storyboard */,
			);
			path = App;
			sourceTree = "<group>";
		};
		36019EE429884232005B8DFF /* Managers */ = {
			isa = PBXGroup;
			children = (
				36019F0B2988495A005B8DFF /* LoadingManager.swift */,
				36019F1429884A84005B8DFF /* AlertManager.swift */,
			);
			path = Managers;
			sourceTree = "<group>";
		};
		36019EE529884237005B8DFF /* Networking */ = {
			isa = PBXGroup;
			children = (
				36019EE629884240005B8DFF /* TmdbAPI */,
			);
			path = Networking;
			sourceTree = "<group>";
		};
		36019EE629884240005B8DFF /* TmdbAPI */ = {
			isa = PBXGroup;
			children = (
				36019EF329884668005B8DFF /* Response */,
				36019EF229884662005B8DFF /* Request */,
				36019EF429884676005B8DFF /* TmdbAPI.swift */,
				36019EF62988467E005B8DFF /* TmdbRequest.swift */,
			);
			path = TmdbAPI;
			sourceTree = "<group>";
		};
		36019EE729884250005B8DFF /* Resources */ = {
			isa = PBXGroup;
			children = (
				36019ED829884076005B8DFF /* Assets.xcassets */,
				36019EEC29884294005B8DFF /* AppIcon.xcassets */,
			);
			path = Resources;
			sourceTree = "<group>";
		};
		36019EE82988425C005B8DFF /* Scenes */ = {
			isa = PBXGroup;
			children = (
			);
			path = Scenes;
			sourceTree = "<group>";
		};
		36019EE929884262005B8DFF /* Supports */ = {
			isa = PBXGroup;
			children = (
			);
			path = Supports;
			sourceTree = "<group>";
		};
		36019EEA2988426C005B8DFF /* Utilities */ = {
			isa = PBXGroup;
			children = (
				36019F11298849B5005B8DFF /* Protocols */,
				36019F0D2988498A005B8DFF /* Extensions */,
				36019F03298847B5005B8DFF /* Constants */,
				36019EEF298844BC005B8DFF /* Coordinator */,
			);
			path = Utilities;
			sourceTree = "<group>";
		};
		36019EEB29884278005B8DFF /* Views */ = {
			isa = PBXGroup;
			children = (
				36019F1729884AF3005B8DFF /* Controller */,
				36019F1629884AED005B8DFF /* UIView */,
			);
			path = Views;
			sourceTree = "<group>";
		};
		36019EEF298844BC005B8DFF /* Coordinator */ = {
			isa = PBXGroup;
			children = (
				36019EF0298844C3005B8DFF /* MainCoordinator.swift */,
			);
			path = Coordinator;
			sourceTree = "<group>";
		};
		36019EF229884662005B8DFF /* Request */ = {
			isa = PBXGroup;
			children = (
				36019EFB298846D4005B8DFF /* GetPopularTvShowsRequest.swift */,
				36019EFD298846FB005B8DFF /* GetTvShowsDetailsRequest.swift */,
			);
			path = Request;
			sourceTree = "<group>";
		};
		36019EF329884668005B8DFF /* Response */ = {
			isa = PBXGroup;
			children = (
				36019EFF29884756005B8DFF /* GetTvShowDetailsResponse.swift */,
				36019F012988477E005B8DFF /* GetPopularTvShowsResponse.swift */,
			);
			path = Response;
			sourceTree = "<group>";
		};
		36019F03298847B5005B8DFF /* Constants */ = {
			isa = PBXGroup;
			children = (
				36019F04298847BA005B8DFF /* Constants.swift */,
				36019F06298847C8005B8DFF /* Constants+API.swift */,
			);
			path = Constants;
			sourceTree = "<group>";
		};
		36019F0829884819005B8DFF /* Models */ = {
			isa = PBXGroup;
			children = (
				36019F0929884824005B8DFF /* PopularTvShowResult.swift */,
			);
			path = Models;
			sourceTree = "<group>";
		};
		36019F0D2988498A005B8DFF /* Extensions */ = {
			isa = PBXGroup;
			children = (
				36019F0E29884991005B8DFF /* UIKit */,
			);
			path = Extensions;
			sourceTree = "<group>";
		};
		36019F0E29884991005B8DFF /* UIKit */ = {
			isa = PBXGroup;
			children = (
				36019F0F298849A8005B8DFF /* UIKit+Extensions.swift */,
			);
			path = UIKit;
			sourceTree = "<group>";
		};
		36019F11298849B5005B8DFF /* Protocols */ = {
			isa = PBXGroup;
			children = (
				36019F12298849CB005B8DFF /* LoadingShowable.swift */,
			);
			path = Protocols;
			sourceTree = "<group>";
		};
		36019F1629884AED005B8DFF /* UIView */ = {
			isa = PBXGroup;
			children = (
			);
			path = UIView;
			sourceTree = "<group>";
		};
		36019F1729884AF3005B8DFF /* Controller */ = {
			isa = PBXGroup;
			children = (
				36019F1829884AFE005B8DFF /* CustomAlertController.swift */,
			);
			path = Controller;
			sourceTree = "<group>";
		};
/* End PBXGroup section */

/* Begin PBXNativeTarget section */
		36019ECB29884075005B8DFF /* Teknasyon */ = {
			isa = PBXNativeTarget;
			buildConfigurationList = 36019EE029884076005B8DFF /* Build configuration list for PBXNativeTarget "Teknasyon" */;
			buildPhases = (
				36019EC829884075005B8DFF /* Sources */,
				36019EC929884075005B8DFF /* Frameworks */,
				36019ECA29884075005B8DFF /* Resources */,
				36019EEE29884373005B8DFF /* SwiftLint */,
			);
			buildRules = (
			);
			dependencies = (
			);
			name = Teknasyon;
			packageProductDependencies = (
				36019EF929884693005B8DFF /* FAFoundation */,
			);
			productName = Teknasyon;
			productReference = 36019ECC29884075005B8DFF /* Teknasyon.app */;
			productType = "com.apple.product-type.application";
		};
/* End PBXNativeTarget section */

/* Begin PBXProject section */
		36019EC429884075005B8DFF /* Project object */ = {
			isa = PBXProject;
			attributes = {
				BuildIndependentTargetsInParallel = 1;
				LastSwiftUpdateCheck = 1420;
				LastUpgradeCheck = 1420;
				TargetAttributes = {
					36019ECB29884075005B8DFF = {
						CreatedOnToolsVersion = 14.2;
					};
				};
			};
			buildConfigurationList = 36019EC729884075005B8DFF /* Build configuration list for PBXProject "Teknasyon" */;
			compatibilityVersion = "Xcode 14.0";
			developmentRegion = en;
			hasScannedForEncodings = 0;
			knownRegions = (
				en,
				Base,
			);
			mainGroup = 36019EC329884075005B8DFF;
			packageReferences = (
				36019EF829884693005B8DFF /* XCRemoteSwiftPackageReference "FAFoundation" */,
			);
			productRefGroup = 36019ECD29884075005B8DFF /* Products */;
			projectDirPath = "";
			projectRoot = "";
			targets = (
				36019ECB29884075005B8DFF /* Teknasyon */,
			);
		};
/* End PBXProject section */

/* Begin PBXResourcesBuildPhase section */
		36019ECA29884075005B8DFF /* Resources */ = {
			isa = PBXResourcesBuildPhase;
			buildActionMask = 2147483647;
			files = (
				36019EDC29884076005B8DFF /* LaunchScreen.storyboard in Resources */,
				36019ED929884076005B8DFF /* Assets.xcassets in Resources */,
				36019EED29884294005B8DFF /* AppIcon.xcassets in Resources */,
			);
			runOnlyForDeploymentPostprocessing = 0;
		};
/* End PBXResourcesBuildPhase section */

/* Begin PBXShellScriptBuildPhase section */
		36019EEE29884373005B8DFF /* SwiftLint */ = {
			isa = PBXShellScriptBuildPhase;
			alwaysOutOfDate = 1;
			buildActionMask = 2147483647;
			files = (
			);
			inputFileListPaths = (
			);
			inputPaths = (
			);
			name = SwiftLint;
			outputFileListPaths = (
			);
			outputPaths = (
			);
			runOnlyForDeploymentPostprocessing = 0;
			shellPath = /bin/sh;
			shellScript = "# Type a script or drag a script file from your workspace to insert i# Adds support for Apple Silicon brew directory\nexport PATH=\"$PATH:/opt/homebrew/bin\"\n\nif which swiftlint > /dev/null; then\n  swiftlint --fix && swiftlint\nelse\n  echo \"warning: SwiftLint not installed, download from https://github.com/realm/SwiftLint\"\nfi\n\n";
		};
/* End PBXShellScriptBuildPhase section */

/* Begin PBXSourcesBuildPhase section */
		36019EC829884075005B8DFF /* Sources */ = {
			isa = PBXSourcesBuildPhase;
			buildActionMask = 2147483647;
			files = (
				36019F07298847C8005B8DFF /* Constants+API.swift in Sources */,
				36019EF72988467E005B8DFF /* TmdbRequest.swift in Sources */,
				36019F1529884A84005B8DFF /* AlertManager.swift in Sources */,
				36019ED029884075005B8DFF /* AppDelegate.swift in Sources */,
				36019F022988477E005B8DFF /* GetPopularTvShowsResponse.swift in Sources */,
				36019F10298849A8005B8DFF /* UIKit+Extensions.swift in Sources */,
				36019EFE298846FB005B8DFF /* GetTvShowsDetailsRequest.swift in Sources */,
				36019EF529884676005B8DFF /* TmdbAPI.swift in Sources */,
				36019F0029884756005B8DFF /* GetTvShowDetailsResponse.swift in Sources */,
				36019F0A29884824005B8DFF /* PopularTvShowResult.swift in Sources */,
				36019F0C2988495A005B8DFF /* LoadingManager.swift in Sources */,
				36019EF1298844C3005B8DFF /* MainCoordinator.swift in Sources */,
				36019EFC298846D4005B8DFF /* GetPopularTvShowsRequest.swift in Sources */,
				36019F1929884AFE005B8DFF /* CustomAlertController.swift in Sources */,
				36019F05298847BA005B8DFF /* Constants.swift in Sources */,
				36019F13298849CB005B8DFF /* LoadingShowable.swift in Sources */,
			);
			runOnlyForDeploymentPostprocessing = 0;
		};
/* End PBXSourcesBuildPhase section */

/* Begin PBXVariantGroup section */
		36019EDA29884076005B8DFF /* LaunchScreen.storyboard */ = {
			isa = PBXVariantGroup;
			children = (
				36019EDB29884076005B8DFF /* Base */,
			);
			name = LaunchScreen.storyboard;
			sourceTree = "<group>";
		};
/* End PBXVariantGroup section */

/* Begin XCBuildConfiguration section */
		36019EDE29884076005B8DFF /* Debug */ = {
			isa = XCBuildConfiguration;
			buildSettings = {
				ALWAYS_SEARCH_USER_PATHS = NO;
				CLANG_ANALYZER_NONNULL = YES;
				CLANG_ANALYZER_NUMBER_OBJECT_CONVERSION = YES_AGGRESSIVE;
				CLANG_CXX_LANGUAGE_STANDARD = "gnu++20";
				CLANG_ENABLE_MODULES = YES;
				CLANG_ENABLE_OBJC_ARC = YES;
				CLANG_ENABLE_OBJC_WEAK = YES;
				CLANG_WARN_BLOCK_CAPTURE_AUTORELEASING = YES;
				CLANG_WARN_BOOL_CONVERSION = YES;
				CLANG_WARN_COMMA = YES;
				CLANG_WARN_CONSTANT_CONVERSION = YES;
				CLANG_WARN_DEPRECATED_OBJC_IMPLEMENTATIONS = YES;
				CLANG_WARN_DIRECT_OBJC_ISA_USAGE = YES_ERROR;
				CLANG_WARN_DOCUMENTATION_COMMENTS = YES;
				CLANG_WARN_EMPTY_BODY = YES;
				CLANG_WARN_ENUM_CONVERSION = YES;
				CLANG_WARN_INFINITE_RECURSION = YES;
				CLANG_WARN_INT_CONVERSION = YES;
				CLANG_WARN_NON_LITERAL_NULL_CONVERSION = YES;
				CLANG_WARN_OBJC_IMPLICIT_RETAIN_SELF = YES;
				CLANG_WARN_OBJC_LITERAL_CONVERSION = YES;
				CLANG_WARN_OBJC_ROOT_CLASS = YES_ERROR;
				CLANG_WARN_QUOTED_INCLUDE_IN_FRAMEWORK_HEADER = YES;
				CLANG_WARN_RANGE_LOOP_ANALYSIS = YES;
				CLANG_WARN_STRICT_PROTOTYPES = YES;
				CLANG_WARN_SUSPICIOUS_MOVE = YES;
				CLANG_WARN_UNGUARDED_AVAILABILITY = YES_AGGRESSIVE;
				CLANG_WARN_UNREACHABLE_CODE = YES;
				CLANG_WARN__DUPLICATE_METHOD_MATCH = YES;
				COPY_PHASE_STRIP = NO;
				DEBUG_INFORMATION_FORMAT = dwarf;
				ENABLE_STRICT_OBJC_MSGSEND = YES;
				ENABLE_TESTABILITY = YES;
				GCC_C_LANGUAGE_STANDARD = gnu11;
				GCC_DYNAMIC_NO_PIC = NO;
				GCC_NO_COMMON_BLOCKS = YES;
				GCC_OPTIMIZATION_LEVEL = 0;
				GCC_PREPROCESSOR_DEFINITIONS = (
					"DEBUG=1",
					"$(inherited)",
				);
				GCC_WARN_64_TO_32_BIT_CONVERSION = YES;
				GCC_WARN_ABOUT_RETURN_TYPE = YES_ERROR;
				GCC_WARN_UNDECLARED_SELECTOR = YES;
				GCC_WARN_UNINITIALIZED_AUTOS = YES_AGGRESSIVE;
				GCC_WARN_UNUSED_FUNCTION = YES;
				GCC_WARN_UNUSED_VARIABLE = YES;
				IPHONEOS_DEPLOYMENT_TARGET = 16.2;
				MTL_ENABLE_DEBUG_INFO = INCLUDE_SOURCE;
				MTL_FAST_MATH = YES;
				ONLY_ACTIVE_ARCH = YES;
				SDKROOT = iphoneos;
				SWIFT_ACTIVE_COMPILATION_CONDITIONS = DEBUG;
				SWIFT_OPTIMIZATION_LEVEL = "-Onone";
			};
			name = Debug;
		};
		36019EDF29884076005B8DFF /* Release */ = {
			isa = XCBuildConfiguration;
			buildSettings = {
				ALWAYS_SEARCH_USER_PATHS = NO;
				CLANG_ANALYZER_NONNULL = YES;
				CLANG_ANALYZER_NUMBER_OBJECT_CONVERSION = YES_AGGRESSIVE;
				CLANG_CXX_LANGUAGE_STANDARD = "gnu++20";
				CLANG_ENABLE_MODULES = YES;
				CLANG_ENABLE_OBJC_ARC = YES;
				CLANG_ENABLE_OBJC_WEAK = YES;
				CLANG_WARN_BLOCK_CAPTURE_AUTORELEASING = YES;
				CLANG_WARN_BOOL_CONVERSION = YES;
				CLANG_WARN_COMMA = YES;
				CLANG_WARN_CONSTANT_CONVERSION = YES;
				CLANG_WARN_DEPRECATED_OBJC_IMPLEMENTATIONS = YES;
				CLANG_WARN_DIRECT_OBJC_ISA_USAGE = YES_ERROR;
				CLANG_WARN_DOCUMENTATION_COMMENTS = YES;
				CLANG_WARN_EMPTY_BODY = YES;
				CLANG_WARN_ENUM_CONVERSION = YES;
				CLANG_WARN_INFINITE_RECURSION = YES;
				CLANG_WARN_INT_CONVERSION = YES;
				CLANG_WARN_NON_LITERAL_NULL_CONVERSION = YES;
				CLANG_WARN_OBJC_IMPLICIT_RETAIN_SELF = YES;
				CLANG_WARN_OBJC_LITERAL_CONVERSION = YES;
				CLANG_WARN_OBJC_ROOT_CLASS = YES_ERROR;
				CLANG_WARN_QUOTED_INCLUDE_IN_FRAMEWORK_HEADER = YES;
				CLANG_WARN_RANGE_LOOP_ANALYSIS = YES;
				CLANG_WARN_STRICT_PROTOTYPES = YES;
				CLANG_WARN_SUSPICIOUS_MOVE = YES;
				CLANG_WARN_UNGUARDED_AVAILABILITY = YES_AGGRESSIVE;
				CLANG_WARN_UNREACHABLE_CODE = YES;
				CLANG_WARN__DUPLICATE_METHOD_MATCH = YES;
				COPY_PHASE_STRIP = NO;
				DEBUG_INFORMATION_FORMAT = "dwarf-with-dsym";
				ENABLE_NS_ASSERTIONS = NO;
				ENABLE_STRICT_OBJC_MSGSEND = YES;
				GCC_C_LANGUAGE_STANDARD = gnu11;
				GCC_NO_COMMON_BLOCKS = YES;
				GCC_WARN_64_TO_32_BIT_CONVERSION = YES;
				GCC_WARN_ABOUT_RETURN_TYPE = YES_ERROR;
				GCC_WARN_UNDECLARED_SELECTOR = YES;
				GCC_WARN_UNINITIALIZED_AUTOS = YES_AGGRESSIVE;
				GCC_WARN_UNUSED_FUNCTION = YES;
				GCC_WARN_UNUSED_VARIABLE = YES;
				IPHONEOS_DEPLOYMENT_TARGET = 16.2;
				MTL_ENABLE_DEBUG_INFO = NO;
				MTL_FAST_MATH = YES;
				SDKROOT = iphoneos;
				SWIFT_COMPILATION_MODE = wholemodule;
				SWIFT_OPTIMIZATION_LEVEL = "-O";
				VALIDATE_PRODUCT = YES;
			};
			name = Release;
		};
		36019EE129884076005B8DFF /* Debug */ = {
			isa = XCBuildConfiguration;
			buildSettings = {
				ASSETCATALOG_COMPILER_APPICON_NAME = AppIcon;
				ASSETCATALOG_COMPILER_GLOBAL_ACCENT_COLOR_NAME = AccentColor;
				CODE_SIGN_STYLE = Automatic;
				CURRENT_PROJECT_VERSION = 1;
				DEVELOPMENT_TEAM = 43THU6L26P;
				GENERATE_INFOPLIST_FILE = YES;
				INFOPLIST_FILE = Teknasyon/App/Info.plist;
				INFOPLIST_KEY_CFBundleDisplayName = Teknasyon;
				INFOPLIST_KEY_UIApplicationSupportsIndirectInputEvents = YES;
				INFOPLIST_KEY_UILaunchStoryboardName = LaunchScreen;
				INFOPLIST_KEY_UISupportedInterfaceOrientations = UIInterfaceOrientationPortrait;
				INFOPLIST_KEY_UISupportedInterfaceOrientations_iPad = "UIInterfaceOrientationLandscapeLeft UIInterfaceOrientationLandscapeRight UIInterfaceOrientationPortrait UIInterfaceOrientationPortraitUpsideDown";
				IPHONEOS_DEPLOYMENT_TARGET = 13.0;
				LD_RUNPATH_SEARCH_PATHS = (
					"$(inherited)",
					"@executable_path/Frameworks",
				);
				MARKETING_VERSION = 1.0;
				PRODUCT_BUNDLE_IDENTIFIER = com.ferhanakkan.Teknasyon;
				PRODUCT_NAME = "$(TARGET_NAME)";
				SUPPORTED_PLATFORMS = "iphoneos iphonesimulator";
				SUPPORTS_MACCATALYST = NO;
				SUPPORTS_MAC_DESIGNED_FOR_IPHONE_IPAD = YES;
				SWIFT_EMIT_LOC_STRINGS = YES;
				SWIFT_VERSION = 5.0;
				TARGETED_DEVICE_FAMILY = 1;
			};
			name = Debug;
		};
		36019EE229884076005B8DFF /* Release */ = {
			isa = XCBuildConfiguration;
			buildSettings = {
				ASSETCATALOG_COMPILER_APPICON_NAME = AppIcon;
				ASSETCATALOG_COMPILER_GLOBAL_ACCENT_COLOR_NAME = AccentColor;
				CODE_SIGN_STYLE = Automatic;
				CURRENT_PROJECT_VERSION = 1;
				DEVELOPMENT_TEAM = 43THU6L26P;
				GENERATE_INFOPLIST_FILE = YES;
				INFOPLIST_FILE = Teknasyon/App/Info.plist;
				INFOPLIST_KEY_CFBundleDisplayName = Teknasyon;
				INFOPLIST_KEY_UIApplicationSupportsIndirectInputEvents = YES;
				INFOPLIST_KEY_UILaunchStoryboardName = LaunchScreen;
				INFOPLIST_KEY_UISupportedInterfaceOrientations = UIInterfaceOrientationPortrait;
				INFOPLIST_KEY_UISupportedInterfaceOrientations_iPad = "UIInterfaceOrientationLandscapeLeft UIInterfaceOrientationLandscapeRight UIInterfaceOrientationPortrait UIInterfaceOrientationPortraitUpsideDown";
				IPHONEOS_DEPLOYMENT_TARGET = 13.0;
				LD_RUNPATH_SEARCH_PATHS = (
					"$(inherited)",
					"@executable_path/Frameworks",
				);
				MARKETING_VERSION = 1.0;
				PRODUCT_BUNDLE_IDENTIFIER = com.ferhanakkan.Teknasyon;
				PRODUCT_NAME = "$(TARGET_NAME)";
				SUPPORTED_PLATFORMS = "iphoneos iphonesimulator";
				SUPPORTS_MACCATALYST = NO;
				SUPPORTS_MAC_DESIGNED_FOR_IPHONE_IPAD = YES;
				SWIFT_EMIT_LOC_STRINGS = YES;
				SWIFT_VERSION = 5.0;
				TARGETED_DEVICE_FAMILY = 1;
			};
			name = Release;
		};
/* End XCBuildConfiguration section */

/* Begin XCConfigurationList section */
		36019EC729884075005B8DFF /* Build configuration list for PBXProject "Teknasyon" */ = {
			isa = XCConfigurationList;
			buildConfigurations = (
				36019EDE29884076005B8DFF /* Debug */,
				36019EDF29884076005B8DFF /* Release */,
			);
			defaultConfigurationIsVisible = 0;
			defaultConfigurationName = Release;
		};
		36019EE029884076005B8DFF /* Build configuration list for PBXNativeTarget "Teknasyon" */ = {
			isa = XCConfigurationList;
			buildConfigurations = (
				36019EE129884076005B8DFF /* Debug */,
				36019EE229884076005B8DFF /* Release */,
			);
			defaultConfigurationIsVisible = 0;
			defaultConfigurationName = Release;
		};
/* End XCConfigurationList section */

/* Begin XCRemoteSwiftPackageReference section */
		36019EF829884693005B8DFF /* XCRemoteSwiftPackageReference "FAFoundation" */ = {
			isa = XCRemoteSwiftPackageReference;
			repositoryURL = "https://github.com/ferhanakkan/FAFoundation";
			requirement = {
				branch = develop;
				kind = branch;
			};
		};
/* End XCRemoteSwiftPackageReference section */

/* Begin XCSwiftPackageProductDependency section */
		36019EF929884693005B8DFF /* FAFoundation */ = {
			isa = XCSwiftPackageProductDependency;
			package = 36019EF829884693005B8DFF /* XCRemoteSwiftPackageReference "FAFoundation" */;
			productName = FAFoundation;
		};
/* End XCSwiftPackageProductDependency section */
	};
	rootObject = 36019EC429884075005B8DFF /* Project object */;
}
